
Microsoft Visual Studio Solution File, Format Version 12.00
# Visual Studio 15
VisualStudioVersion = 15.0.27130.2024
MinimumVisualStudioVersion = 10.0.40219.1
Project("{FAE04EC0-301F-11D3-BF4B-00C04F79EFBC}") = "Api", "Api\Api.csproj", "{6158FFAE-C0FC-4602-8A06-0FD8378F5E0D}"
EndProject
Global
	GlobalSection(SolutionConfigurationPlatforms) = preSolution
		Debug|Any CPU = Debug|Any CPU
		Release|Any CPU = Release|Any CPU
	EndGlobalSection
	GlobalSection(ProjectConfigurationPlatforms) = postSolution
		{6158FFAE-C0FC-4602-8A06-0FD8378F5E0D}.Debug|Any CPU.ActiveCfg = Debug|Any CPU
		{6158FFAE-C0FC-4602-8A06-0FD8378F5E0D}.Debug|Any CPU.Build.0 = Debug|Any CPU
		{6158FFAE-C0FC-4602-8A06-0FD8378F5E0D}.Release|Any CPU.ActiveCfg = Release|Any CPU
		{6158FFAE-C0FC-4602-8A06-0FD8378F5E0D}.Release|Any CPU.Build.0 = Release|Any CPU
	EndGlobalSection
	GlobalSection(SolutionProperties) = preSolution
		HideSolutionNode = FALSE
	EndGlobalSection
	GlobalSection(ExtensibilityGlobals) = postSolution
		SolutionGuid = {87950787-4686-4854-A9F3-BF90D3BB44CF}
	EndGlobalSection
EndGlobal
